Microsoft Visual Studio Solution File, Format Version 12.00
# Visual Studio 2012
Project("{FAE04EC0-301F-11D3-BF4B-00C04F79EFBC}") = "Game Pack Start Project Godot", "Game Pack Start Project Godot.csproj", "{878653A4-6E68-4819-8E80-4ED18B7D97E7}"
EndProject
Global
	GlobalSection(SolutionConfigurationPlatforms) = preSolution
	Debug|Any CPU = Debug|Any CPU
	ExportDebug|Any CPU = ExportDebug|Any CPU
	ExportRelease|Any CPU = ExportRelease|Any CPU
	EndGlobalSection
	GlobalSection(ProjectConfigurationPlatforms) = postSolution
		{878653A4-6E68-4819-8E80-4ED18B7D97E7}.Debug|Any CPU.ActiveCfg = Debug|Any CPU
		{878653A4-6E68-4819-8E80-4ED18B7D97E7}.Debug|Any CPU.Build.0 = Debug|Any CPU
		{878653A4-6E68-4819-8E80-4ED18B7D97E7}.ExportDebug|Any CPU.ActiveCfg = ExportDebug|Any CPU
		{878653A4-6E68-4819-8E80-4ED18B7D97E7}.ExportDebug|Any CPU.Build.0 = ExportDebug|Any CPU
		{878653A4-6E68-4819-8E80-4ED18B7D97E7}.ExportRelease|Any CPU.ActiveCfg = ExportRelease|Any CPU
		{878653A4-6E68-4819-8E80-4ED18B7D97E7}.ExportRelease|Any CPU.Build.0 = ExportRelease|Any CPU
	EndGlobalSection
EndGlobal
